
Microsoft Visual Studio Solution File, Format Version 12.00
# Visual Studio Version 17
VisualStudioVersion = 17.1.32421.90
MinimumVisualStudioVersion = 10.0.40219.1
Project("{FAE04EC0-301F-11D3-BF4B-00C04F79EFBC}") = "PariPlayTestBackend", "PariPlayTestBackend\PariPlayTestBackend.csproj", "{0BB91EEB-5EEC-4524-AA1D-39F6182CEF26}"
EndProject
Global
	GlobalSection(SolutionConfigurationPlatforms) = preSolution
		Debug|Any CPU = Debug|Any CPU
		Release|Any CPU = Release|Any CPU
	EndGlobalSection
	GlobalSection(ProjectConfigurationPlatforms) = postSolution
		{0BB91EEB-5EEC-4524-AA1D-39F6182CEF26}.Debug|Any CPU.ActiveCfg = Debug|Any CPU
		{0BB91EEB-5EEC-4524-AA1D-39F6182CEF26}.Debug|Any CPU.Build.0 = Debug|Any CPU
		{0BB91EEB-5EEC-4524-AA1D-39F6182CEF26}.Release|Any CPU.ActiveCfg = Release|Any CPU
		{0BB91EEB-5EEC-4524-AA1D-39F6182CEF26}.Release|Any CPU.Build.0 = Release|Any CPU
	EndGlobalSection
	GlobalSection(SolutionProperties) = preSolution
		HideSolutionNode = FALSE
	EndGlobalSection
	GlobalSection(ExtensibilityGlobals) = postSolution
		SolutionGuid = {72E1C664-07A0-4441-AEC1-096734D971E8}
	EndGlobalSection
EndGlobal
